<Solution>
  <Project Path="LzmaNet.Benchmark/LzmaNet.Benchmark.csproj" />
  <Project Path="LzmaNet/LzmaNet.csproj" />
  <Project Path="LzmaNet.Tests/LzmaNet.Tests.csproj" />
  <Project Path="LzmaNet.Tests.Portable20/LzmaNet.Tests.Portable20.csproj" />
  <Project Path="LzmaNet.Tests.Portable21/LzmaNet.Tests.Portable21.csproj" />
</Solution>
